{
  "requires": true,
  "lockfileVersion": 1,
  "dependencies": {
    "regexp": {
      "version": "1.0.0",
      "resolved": "https://registry.npmjs.org/regexp/-/regexp-1.0.0.tgz",
      "integrity": "sha1-UzR6Yd7ARRRjIpzCHFZgx1au1wA="
    },
    "vue-ellipse-progress": {
      "version": "2.0.0-beta.1",
      "resolved": "https://registry.npmjs.org/vue-ellipse-progress/-/vue-ellipse-progress-2.0.0-beta.1.tgz",
      "integrity": "sha512-qxY7Fnn4we1OZsjxV0tcAd2VVLHgQz6APbB2waYGN81qZDYfVravzhrJyFcO6SYWruuAMpqyViZvd+6nJ3OWWQ=="
    }
  }
}
